
Microsoft Visual Studio Solution File, Format Version 11.00
# Visual Studio 2010
Project("{FAE04EC0-301F-11D3-BF4B-00C04F79EFBC}") = "Assembly-CSharp", "Assembly-CSharp.csproj", "{d0f72039-585e-d4f5-49c3-28f1a7333dd6}"
EndProject
Project("{FAE04EC0-301F-11D3-BF4B-00C04F79EFBC}") = "Assembly-CSharp-firstpass", "Assembly-CSharp-firstpass.csproj", "{b19922b4-8f31-80fb-470f-bd266706839f}"
EndProject
Project("{FAE04EC0-301F-11D3-BF4B-00C04F79EFBC}") = "Assembly-CSharp-Editor-firstpass", "Assembly-CSharp-Editor-firstpass.csproj", "{2ecd3af9-6c84-cad1-d29a-a7633715a9b6}"
EndProject
Global
	GlobalSection(SolutionConfigurationPlatforms) = preSolution
		Debug|Any CPU = Debug|Any CPU
	EndGlobalSection
	GlobalSection(ProjectConfigurationPlatforms) = postSolution
		{d0f72039-585e-d4f5-49c3-28f1a7333dd6}.Debug|Any CPU.ActiveCfg = Debug|Any CPU
		{d0f72039-585e-d4f5-49c3-28f1a7333dd6}.Debug|Any CPU.Build.0 = Debug|Any CPU
		{b19922b4-8f31-80fb-470f-bd266706839f}.Debug|Any CPU.ActiveCfg = Debug|Any CPU
		{b19922b4-8f31-80fb-470f-bd266706839f}.Debug|Any CPU.Build.0 = Debug|Any CPU
		{2ecd3af9-6c84-cad1-d29a-a7633715a9b6}.Debug|Any CPU.ActiveCfg = Debug|Any CPU
		{2ecd3af9-6c84-cad1-d29a-a7633715a9b6}.Debug|Any CPU.Build.0 = Debug|Any CPU
	EndGlobalSection
	GlobalSection(SolutionProperties) = preSolution
		HideSolutionNode = FALSE
	EndGlobalSection
EndGlobal
